// !$*UTF8*$!
{
	archiveVersion = 1;
	classes = {
	};
	objectVersion = 46;
	objects = {

/* Begin PBXBuildFile section */
		518C83671E5382810042C6B7 /* main.m in Sources */ = {isa = PBXBuildFile; fileRef = 518C83661E5382810042C6B7 /* main.m */; };
		518C836A1E5382810042C6B7 /* AppDelegate.m in Sources */ = {isa = PBXBuildFile; fileRef = 518C83691E5382810042C6B7 /* AppDelegate.m */; };
		518C836D1E5382810042C6B7 /* ViewController.m in Sources */ = {isa = PBXBuildFile; fileRef = 518C836C1E5382810042C6B7 /* ViewController.m */; };
		518C83701E5382810042C6B7 /* Main.storyboard in Resources */ = {isa = PBXBuildFile; fileRef = 518C836E1E5382810042C6B7 /* Main.storyboard */; };
		518C83721E5382810042C6B7 /* Assets.xcassets in Resources */ = {isa = PBXBuildFile; fileRef = 518C83711E5382810042C6B7 /* Assets.xcassets */; };
		518C83751E5382810042C6B7 /* LaunchScreen.storyboard in Resources */ = {isa = PBXBuildFile; fileRef = 518C83731E5382810042C6B7 /* LaunchScreen.storyboard */; };
		518C83801E5382810042C6B7 /* UITableView_TestTests.m in Sources */ = {isa = PBXBuildFile; fileRef = 518C837F1E5382810042C6B7 /* UITableView_TestTests.m */; };
		518C838B1E5382810042C6B7 /* UITableView_TestUITests.m in Sources */ = {isa = PBXBuildFile; fileRef = 518C838A1E5382810042C6B7 /* UITableView_TestUITests.m */; };
/* End PBXBuildFile section */

/* Begin PBXContainerItemProxy section */
		518C837C1E5382810042C6B7 /* PBXContainerItemProxy */ = {
			isa = PBXContainerItemProxy;
			containerPortal = 518C835A1E5382810042C6B7 /* Project object */;
			proxyType = 1;
			remoteGlobalIDString = 518C83611E5382810042C6B7;
			remoteInfo = UITableView_Test;
		};
		518C83871E5382810042C6B7 /* PBXContainerItemProxy */ = {
			isa = PBXContainerItemProxy;
			containerPortal = 518C835A1E5382810042C6B7 /* Project object */;
			proxyType = 1;
			remoteGlobalIDString = 518C83611E5382810042C6B7;
			remoteInfo = UITableView_Test;
		};
/* End PBXContainerItemProxy section */

/* Begin PBXFileReference section */
		518C83621E5382810042C6B7 /* UITableView_Test.app */ = {isa = PBXFileReference; explicitFileType = wrapper.application; includeInIndex = 0; path = UITableView_Test.app; sourceTree = BUILT_PRODUCTS_DIR; };
		518C83661E5382810042C6B7 /* main.m */ = {isa = PBXFileReference; lastKnownFileType = sourcecode.c.objc; path = main.m; sourceTree = "<group>"; };
		518C83681E5382810042C6B7 /* AppDelegate.h */ = {isa = PBXFileReference; lastKnownFileType = sourcecode.c.h; path = AppDelegate.h; sourceTree = "<group>"; };
		518C83691E5382810042C6B7 /* AppDelegate.m */ = {isa = PBXFileReference; lastKnownFileType = sourcecode.c.objc; path = AppDelegate.m; sourceTree = "<group>"; };
		518C836B1E5382810042C6B7 /* ViewController.h */ = {isa = PBXFileReference; lastKnownFileType = sourcecode.c.h; path = ViewController.h; sourceTree = "<group>"; };
		518C836C1E5382810042C6B7 /* ViewController.m */ = {isa = PBXFileReference; lastKnownFileType = sourcecode.c.objc; path = ViewController.m; sourceTree = "<group>"; };
		518C836F1E5382810042C6B7 /* Base */ = {isa = PBXFileReference; lastKnownFileType = file.storyboard; name = Base; path = Base.lproj/Main.storyboard; sourceTree = "<group>"; };
		518C83711E5382810042C6B7 /* Assets.xcassets */ = {isa = PBXFileReference; lastKnownFileType = folder.assetcatalog; path = Assets.xcassets; sourceTree = "<group>"; };
		518C83741E5382810042C6B7 /* Base */ = {isa = PBXFileReference; lastKnownFileType = file.storyboard; name = Base; path = Base.lproj/LaunchScreen.storyboard; sourceTree = "<group>"; };
		518C83761E5382810042C6B7 /* Info.plist */ = {isa = PBXFileReference; lastKnownFileType = text.plist.xml; path = Info.plist; sourceTree = "<group>"; };
		518C837B1E5382810042C6B7 /* UITableView_TestTests.xctest */ = {isa = PBXFileReference; explicitFileType = wrapper.cfbundle; includeInIndex = 0; path = UITableView_TestTests.xctest; sourceTree = BUILT_PRODUCTS_DIR; };
		518C837F1E5382810042C6B7 /* UITableView_TestTests.m */ = {isa = PBXFileReference; lastKnownFileType = sourcecode.c.objc; path = UITableView_TestTests.m; sourceTree = "<group>"; };
		518C83811E5382810042C6B7 /* Info.plist */ = {isa = PBXFileReference; lastKnownFileType = text.plist.xml; path = Info.plist; sourceTree = "<group>"; };
		518C83861E5382810042C6B7 /* UITableView_TestUITests.xctest */ = {isa = PBXFileReference; explicitFileType = wrapper.cfbundle; includeInIndex = 0; path = UITableView_TestUITests.xctest; sourceTree = BUILT_PRODUCTS_DIR; };
		518C838A1E5382810042C6B7 /* UITableView_TestUITests.m */ = {isa = PBXFileReference; lastKnownFileType = sourcecode.c.objc; path = UITableView_TestUITests.m; sourceTree = "<group>"; };
		518C838C1E5382810042C6B7 /* Info.plist */ = {isa = PBXFileReference; lastKnownFileType = text.plist.xml; path = Info.plist; sourceTree = "<group>"; };
/* End PBXFileReference section */

/* Begin PBXFrameworksBuildPhase section */
		518C835F1E5382810042C6B7 /* Frameworks */ = {
			isa = PBXFrameworksBuildPhase;
			buildActionMask = 2147483647;
			files = (
			);
			runOnlyForDeploymentPostprocessing = 0;
		};
		518C83781E5382810042C6B7 /* Frameworks */ = {
			isa = PBXFrameworksBuildPhase;
			buildActionMask = 2147483647;
			files = (
			);
			runOnlyForDeploymentPostprocessing = 0;
		};
		518C83831E5382810042C6B7 /* Frameworks */ = {
			isa = PBXFrameworksBuildPhase;
			buildActionMask = 2147483647;
			files = (
			);
			runOnlyForDeploymentPostprocessing = 0;
		};
/* End PBXFrameworksBuildPhase section */

/* Begin PBXGroup section */
		518C83591E5382810042C6B7 = {
			isa = PBXGroup;
			children = (
				518C83641E5382810042C6B7 /* UITableView_Test */,
				518C837E1E5382810042C6B7 /* UITableView_TestTests */,
				518C83891E5382810042C6B7 /* UITableView_TestUITests */,
				518C83631E5382810042C6B7 /* Products */,
			);
			sourceTree = "<group>";
		};
		518C83631E5382810042C6B7 /* Products */ = {
			isa = PBXGroup;
			children = (
				518C83621E5382810042C6B7 /* UITableView_Test.app */,
				518C837B1E5382810042C6B7 /* UITableView_TestTests.xctest */,
				518C83861E5382810042C6B7 /* UITableView_TestUITests.xctest */,
			);
			name = Products;
			sourceTree = "<group>";
		};
		518C83641E5382810042C6B7 /* UITableView_Test */ = {
			isa = PBXGroup;
			children = (
				518C83681E5382810042C6B7 /* AppDelegate.h */,
				518C83691E5382810042C6B7 /* AppDelegate.m */,
				518C836B1E5382810042C6B7 /* ViewController.h */,
				518C836C1E5382810042C6B7 /* ViewController.m */,
				518C836E1E5382810042C6B7 /* Main.storyboard */,
				518C83711E5382810042C6B7 /* Assets.xcassets */,
				518C83731E5382810042C6B7 /* LaunchScreen.storyboard */,
				518C83761E5382810042C6B7 /* Info.plist */,
				518C83651E5382810042C6B7 /* Supporting Files */,
			);
			path = UITableView_Test;
			sourceTree = "<group>";
		};
		518C83651E5382810042C6B7 /* Supporting Files */ = {
			isa = PBXGroup;
			children = (
				518C83661E5382810042C6B7 /* main.m */,
			);
			name = "Supporting Files";
			sourceTree = "<group>";
		};
		518C837E1E5382810042C6B7 /* UITableView_TestTests */ = {
			isa = PBXGroup;
			children = (
				518C837F1E5382810042C6B7 /* UITableView_TestTests.m */,
				518C83811E5382810042C6B7 /* Info.plist */,
			);
			path = UITableView_TestTests;
			sourceTree = "<group>";
		};
		518C83891E5382810042C6B7 /* UITableView_TestUITests */ = {
			isa = PBXGroup;
			children = (
				518C838A1E5382810042C6B7 /* UITableView_TestUITests.m */,
				518C838C1E5382810042C6B7 /* Info.plist */,
			);
			path = UITableView_TestUITests;
			sourceTree = "<group>";
		};
/* End PBXGroup section */

/* Begin PBXNativeTarget section */
		518C83611E5382810042C6B7 /* UITableView_Test */ = {
			isa = PBXNativeTarget;
			buildConfigurationList = 518C838F1E5382810042C6B7 /* Build configuration list for PBXNativeTarget "UITableView_Test" */;
			buildPhases = (
				518C835E1E5382810042C6B7 /* Sources */,
				518C835F1E5382810042C6B7 /* Frameworks */,
				518C83601E5382810042C6B7 /* Resources */,
			);
			buildRules = (
			);
			dependencies = (
			);
			name = UITableView_Test;
			productName = UITableView_Test;
			productReference = 518C83621E5382810042C6B7 /* UITableView_Test.app */;
			productType = "com.apple.product-type.application";
		};
		518C837A1E5382810042C6B7 /* UITableView_TestTests */ = {
			isa = PBXNativeTarget;
			buildConfigurationList = 518C83921E5382810042C6B7 /* Build configuration list for PBXNativeTarget "UITableView_TestTests" */;
			buildPhases = (
				518C83771E5382810042C6B7 /* Sources */,
				518C83781E5382810042C6B7 /* Frameworks */,
				518C83791E5382810042C6B7 /* Resources */,
			);
			buildRules = (
			);
			dependencies = (
				518C837D1E5382810042C6B7 /* PBXTargetDependency */,
			);
			name = UITableView_TestTests;
			productName = UITableView_TestTests;
			productReference = 518C837B1E5382810042C6B7 /* UITableView_TestTests.xctest */;
			productType = "com.apple.product-type.bundle.unit-test";
		};
		518C83851E5382810042C6B7 /* UITableView_TestUITests */ = {
			isa = PBXNativeTarget;
			buildConfigurationList = 518C83951E5382810042C6B7 /* Build configuration list for PBXNativeTarget "UITableView_TestUITests" */;
			buildPhases = (
				518C83821E5382810042C6B7 /* Sources */,
				518C83831E5382810042C6B7 /* Frameworks */,
				518C83841E5382810042C6B7 /* Resources */,
			);
			buildRules = (
			);
			dependencies = (
				518C83881E5382810042C6B7 /* PBXTargetDependency */,
			);
			name = UITableView_TestUITests;
			productName = UITableView_TestUITests;
			productReference = 518C83861E5382810042C6B7 /* UITableView_TestUITests.xctest */;
			productType = "com.apple.product-type.bundle.ui-testing";
		};
/* End PBXNativeTarget section */

/* Begin PBXProject section */
		518C835A1E5382810042C6B7 /* Project object */ = {
			isa = PBXProject;
			attributes = {
				LastUpgradeCheck = 0820;
				ORGANIZATIONNAME = "Abdul Kareem";
				TargetAttributes = {
					518C83611E5382810042C6B7 = {
						CreatedOnToolsVersion = 8.2.1;
						DevelopmentTeam = NARZ8CB9M8;
						ProvisioningStyle = Automatic;
					};
					518C837A1E5382810042C6B7 = {
						CreatedOnToolsVersion = 8.2.1;
						DevelopmentTeam = NARZ8CB9M8;
						ProvisioningStyle = Automatic;
						TestTargetID = 518C83611E5382810042C6B7;
					};
					518C83851E5382810042C6B7 = {
						CreatedOnToolsVersion = 8.2.1;
						DevelopmentTeam = NARZ8CB9M8;
						ProvisioningStyle = Automatic;
						TestTargetID = 518C83611E5382810042C6B7;
					};
				};
			};
			buildConfigurationList = 518C835D1E5382810042C6B7 /* Build configuration list for PBXProject "UITableView_Test" */;
			compatibilityVersion = "Xcode 3.2";
			developmentRegion = English;
			hasScannedForEncodings = 0;
			knownRegions = (
				en,
				Base,
			);
			mainGroup = 518C83591E5382810042C6B7;
			productRefGroup = 518C83631E5382810042C6B7 /* Products */;
			projectDirPath = "";
			projectRoot = "";
			targets = (
				518C83611E5382810042C6B7 /* UITableView_Test */,
				518C837A1E5382810042C6B7 /* UITableView_TestTests */,
				518C83851E5382810042C6B7 /* UITableView_TestUITests */,
			);
		};
/* End PBXProject section */

/* Begin PBXResourcesBuildPhase section */
		518C83601E5382810042C6B7 /* Resources */ = {
			isa = PBXResourcesBuildPhase;
			buildActionMask = 2147483647;
			files = (
				518C83751E5382810042C6B7 /* LaunchScreen.storyboard in Resources */,
				518C83721E5382810042C6B7 /* Assets.xcassets in Resources */,
				518C83701E5382810042C6B7 /* Main.storyboard in Resources */,
			);
			runOnlyForDeploymentPostprocessing = 0;
		};
		518C83791E5382810042C6B7 /* Resources */ = {
			isa = PBXResourcesBuildPhase;
			buildActionMask = 2147483647;
			files = (
			);
			runOnlyForDeploymentPostprocessing = 0;
		};
		518C83841E5382810042C6B7 /* Resources */ = {
			isa = PBXResourcesBuildPhase;
			buildActionMask = 2147483647;
			files = (
			);
			runOnlyForDeploymentPostprocessing = 0;
		};
/* End PBXResourcesBuildPhase section */

/* Begin PBXSourcesBuildPhase section */
		518C835E1E5382810042C6B7 /* Sources */ = {
			isa = PBXSourcesBuildPhase;
			buildActionMask = 2147483647;
			files = (
				518C836D1E5382810042C6B7 /* ViewController.m in Sources */,
				518C836A1E5382810042C6B7 /* AppDelegate.m in Sources */,
				518C83671E5382810042C6B7 /* main.m in Sources */,
			);
			runOnlyForDeploymentPostprocessing = 0;
		};
		518C83771E5382810042C6B7 /* Sources */ = {
			isa = PBXSourcesBuildPhase;
			buildActionMask = 2147483647;
			files = (
				518C83801E5382810042C6B7 /* UITableView_TestTests.m in Sources */,
			);
			runOnlyForDeploymentPostprocessing = 0;
		};
		518C83821E5382810042C6B7 /* Sources */ = {
			isa = PBXSourcesBuildPhase;
			buildActionMask = 2147483647;
			files = (
				518C838B1E5382810042C6B7 /* UITableView_TestUITests.m in Sources */,
			);
			runOnlyForDeploymentPostprocessing = 0;
		};
/* End PBXSourcesBuildPhase section */

/* Begin PBXTargetDependency section */
		518C837D1E5382810042C6B7 /* PBXTargetDependency */ = {
			isa = PBXTargetDependency;
			target = 518C83611E5382810042C6B7 /* UITableView_Test */;
			targetProxy = 518C837C1E5382810042C6B7 /* PBXContainerItemProxy */;
		};
		518C83881E5382810042C6B7 /* PBXTargetDependency */ = {
			isa = PBXTargetDependency;
			target = 518C83611E5382810042C6B7 /* UITableView_Test */;
			targetProxy = 518C83871E5382810042C6B7 /* PBXContainerItemProxy */;
		};
/* End PBXTargetDependency section */

/* Begin PBXVariantGroup section */
		518C836E1E5382810042C6B7 /* Main.storyboard */ = {
			isa = PBXVariantGroup;
			children = (
				518C836F1E5382810042C6B7 /* Base */,
			);
			name = Main.storyboard;
			sourceTree = "<group>";
		};
		518C83731E5382810042C6B7 /* LaunchScreen.storyboard */ = {
			isa = PBXVariantGroup;
			children = (
				518C83741E5382810042C6B7 /* Base */,
			);
			name = LaunchScreen.storyboard;
			sourceTree = "<group>";
		};
/* End PBXVariantGroup section */

/* Begin XCBuildConfiguration section */
		518C838D1E5382810042C6B7 /* Debug */ = {
			isa = XCBuildConfiguration;
			buildSettings = {
				ALWAYS_SEARCH_USER_PATHS = NO;
				CLANG_ANALYZER_NONNULL = YES;
				CLANG_CXX_LANGUAGE_STANDARD = "gnu++0x";
				CLANG_CXX_LIBRARY = "libc++";
				CLANG_ENABLE_MODULES = YES;
				CLANG_ENABLE_OBJC_ARC = YES;
				CLANG_WARN_BOOL_CONVERSION = YES;
				CLANG_WARN_CONSTANT_CONVERSION = YES;
				CLANG_WARN_DIRECT_OBJC_ISA_USAGE = YES_ERROR;
				CLANG_WARN_DOCUMENTATION_COMMENTS = YES;
				CLANG_WARN_EMPTY_BODY = YES;
				CLANG_WARN_ENUM_CONVERSION = YES;
				CLANG_WARN_INFINITE_RECURSION = YES;
				CLANG_WARN_INT_CONVERSION = YES;
				CLANG_WARN_OBJC_ROOT_CLASS = YES_ERROR;
				CLANG_WARN_SUSPICIOUS_MOVE = YES;
				CLANG_WARN_UNREACHABLE_CODE = YES;
				CLANG_WARN__DUPLICATE_METHOD_MATCH = YES;
				"CODE_SIGN_IDENTITY[sdk=iphoneos*]" = "iPhone Developer";
				COPY_PHASE_STRIP = NO;
				DEBUG_INFORMATION_FORMAT = dwarf;
				ENABLE_STRICT_OBJC_MSGSEND = YES;
				ENABLE_TESTABILITY = YES;
				GCC_C_LANGUAGE_STANDARD = gnu99;
				GCC_DYNAMIC_NO_PIC = NO;
				GCC_NO_COMMON_BLOCKS = YES;
				GCC_OPTIMIZATION_LEVEL = 0;
				GCC_PREPROCESSOR_DEFINITIONS = (
					"DEBUG=1",
					"$(inherited)",
				);
				GCC_WARN_64_TO_32_BIT_CONVERSION = YES;
				GCC_WARN_ABOUT_RETURN_TYPE = YES_ERROR;
				GCC_WARN_UNDECLARED_SELECTOR = YES;
				GCC_WARN_UNINITIALIZED_AUTOS = YES_AGGRESSIVE;
				GCC_WARN_UNUSED_FUNCTION = YES;
				GCC_WARN_UNUSED_VARIABLE = YES;
				IPHONEOS_DEPLOYMENT_TARGET = 10.2;
				MTL_ENABLE_DEBUG_INFO = YES;
				ONLY_ACTIVE_ARCH = YES;
				SDKROOT = iphoneos;
			};
			name = Debug;
		};
		518C838E1E5382810042C6B7 /* Release */ = {
			isa = XCBuildConfiguration;
			buildSettings = {
				ALWAYS_SEARCH_USER_PATHS = NO;
				CLANG_ANALYZER_NONNULL = YES;
				CLANG_CXX_LANGUAGE_STANDARD = "gnu++0x";
				CLANG_CXX_LIBRARY = "libc++";
				CLANG_ENABLE_MODULES = YES;
				CLANG_ENABLE_OBJC_ARC = YES;
				CLANG_WARN_BOOL_CONVERSION = YES;
				CLANG_WARN_CONSTANT_CONVERSION = YES;
				CLANG_WARN_DIRECT_OBJC_ISA_USAGE = YES_ERROR;
				CLANG_WARN_DOCUMENTATION_COMMENTS = YES;
				CLANG_WARN_EMPTY_BODY = YES;
				CLANG_WARN_ENUM_CONVERSION = YES;
				CLANG_WARN_INFINITE_RECURSION = YES;
				CLANG_WARN_INT_CONVERSION = YES;
				CLANG_WARN_OBJC_ROOT_CLASS = YES_ERROR;
				CLANG_WARN_SUSPICIOUS_MOVE = YES;
				CLANG_WARN_UNREACHABLE_CODE = YES;
				CLANG_WARN__DUPLICATE_METHOD_MATCH = YES;
				"CODE_SIGN_IDENTITY[sdk=iphoneos*]" = "iPhone Developer";
				COPY_PHASE_STRIP = NO;
				DEBUG_INFORMATION_FORMAT = "dwarf-with-dsym";
				ENABLE_NS_ASSERTIONS = NO;
				ENABLE_STRICT_OBJC_MSGSEND = YES;
				GCC_C_LANGUAGE_STANDARD = gnu99;
				GCC_NO_COMMON_BLOCKS = YES;
				GCC_WARN_64_TO_32_BIT_CONVERSION = YES;
				GCC_WARN_ABOUT_RETURN_TYPE = YES_ERROR;
				GCC_WARN_UNDECLARED_SELECTOR = YES;
				GCC_WARN_UNINITIALIZED_AUTOS = YES_AGGRESSIVE;
				GCC_WARN_UNUSED_FUNCTION = YES;
				GCC_WARN_UNUSED_VARIABLE = YES;
				IPHONEOS_DEPLOYMENT_TARGET = 10.2;
				MTL_ENABLE_DEBUG_INFO = NO;
				SDKROOT = iphoneos;
				VALIDATE_PRODUCT = YES;
			};
			name = Release;
		};
		518C83901E5382810042C6B7 /* Debug */ = {
			isa = XCBuildConfiguration;
			buildSettings = {
				ASSETCATALOG_COMPILER_APPICON_NAME = AppIcon;
				DEVELOPMENT_TEAM = NARZ8CB9M8;
				INFOPLIST_FILE = UITableView_Test/Info.plist;
				LD_RUNPATH_SEARCH_PATHS = "$(inherited) @executable_path/Frameworks";
				PRODUCT_BUNDLE_IDENTIFIER = "com.abdkhaja.UITableView-Test";
				PRODUCT_NAME = "$(TARGET_NAME)";
			};
			name = Debug;
		};
		518C83911E5382810042C6B7 /* Release */ = {
			isa = XCBuildConfiguration;
			buildSettings = {
				ASSETCATALOG_COMPILER_APPICON_NAME = AppIcon;
				DEVELOPMENT_TEAM = NARZ8CB9M8;
				INFOPLIST_FILE = UITableView_Test/Info.plist;
				LD_RUNPATH_SEARCH_PATHS = "$(inherited) @executable_path/Frameworks";
				PRODUCT_BUNDLE_IDENTIFIER = "com.abdkhaja.UITableView-Test";
				PRODUCT_NAME = "$(TARGET_NAME)";
			};
			name = Release;
		};
		518C83931E5382810042C6B7 /* Debug */ = {
			isa = XCBuildConfiguration;
			buildSettings = {
				BUNDLE_LOADER = "$(TEST_HOST)";
				DEVELOPMENT_TEAM = NARZ8CB9M8;
				INFOPLIST_FILE = UITableView_TestTests/Info.plist;
				LD_RUNPATH_SEARCH_PATHS = "$(inherited) @executable_path/Frameworks @loader_path/Frameworks";
				PRODUCT_BUNDLE_IDENTIFIER = "com.abdkhaja.UITableView-TestTests";
				PRODUCT_NAME = "$(TARGET_NAME)";
				TEST_HOST = "$(BUILT_PRODUCTS_DIR)/UITableView_Test.app/UITableView_Test";
			};
			name = Debug;
		};
		518C83941E5382810042C6B7 /* Release */ = {
			isa = XCBuildConfiguration;
			buildSettings = {
				BUNDLE_LOADER = "$(TEST_HOST)";
				DEVELOPMENT_TEAM = NARZ8CB9M8;
				INFOPLIST_FILE = UITableView_TestTests/Info.plist;
				LD_RUNPATH_SEARCH_PATHS = "$(inherited) @executable_path/Frameworks @loader_path/Frameworks";
				PRODUCT_BUNDLE_IDENTIFIER = "com.abdkhaja.UITableView-TestTests";
				PRODUCT_NAME = "$(TARGET_NAME)";
				TEST_HOST = "$(BUILT_PRODUCTS_DIR)/UITableView_Test.app/UITableView_Test";
			};
			name = Release;
		};
		518C83961E5382810042C6B7 /* Debug */ = {
			isa = XCBuildConfiguration;
			buildSettings = {
				DEVELOPMENT_TEAM = NARZ8CB9M8;
				INFOPLIST_FILE = UITableView_TestUITests/Info.plist;
				LD_RUNPATH_SEARCH_PATHS = "$(inherited) @executable_path/Frameworks @loader_path/Frameworks";
				PRODUCT_BUNDLE_IDENTIFIER = "com.abdkhaja.UITableView-TestUITests";
				PRODUCT_NAME = "$(TARGET_NAME)";
				TEST_TARGET_NAME = UITableView_Test;
			};
			name = Debug;
		};
		518C83971E5382810042C6B7 /* Release */ = {
			isa = XCBuildConfiguration;
			buildSettings = {
				DEVELOPMENT_TEAM = NARZ8CB9M8;
				INFOPLIST_FILE = UITableView_TestUITests/Info.plist;
				LD_RUNPATH_SEARCH_PATHS = "$(inherited) @executable_path/Frameworks @loader_path/Frameworks";
				PRODUCT_BUNDLE_IDENTIFIER = "com.abdkhaja.UITableView-TestUITests";
				PRODUCT_NAME = "$(TARGET_NAME)";
				TEST_TARGET_NAME = UITableView_Test;
			};
			name = Release;
		};
/* End XCBuildConfiguration section */

/* Begin XCConfigurationList section */
		518C835D1E5382810042C6B7 /* Build configuration list for PBXProject "UITableView_Test" */ = {
			isa = XCConfigurationList;
			buildConfigurations = (
				518C838D1E5382810042C6B7 /* Debug */,
				518C838E1E5382810042C6B7 /* Release */,
			);
			defaultConfigurationIsVisible = 0;
			defaultConfigurationName = Release;
		};
		518C838F1E5382810042C6B7 /* Build configuration list for PBXNativeTarget "UITableView_Test" */ = {
			isa = XCConfigurationList;
			buildConfigurations = (
				518C83901E5382810042C6B7 /* Debug */,
				518C83911E5382810042C6B7 /* Release */,
			);
			defaultConfigurationIsVisible = 0;
		};
		518C83921E5382810042C6B7 /* Build configuration list for PBXNativeTarget "UITableView_TestTests" */ = {
			isa = XCConfigurationList;
			buildConfigurations = (
				518C83931E5382810042C6B7 /* Debug */,
				518C83941E5382810042C6B7 /* Release */,
			);
			defaultConfigurationIsVisible = 0;
		};
		518C83951E5382810042C6B7 /* Build configuration list for PBXNativeTarget "UITableView_TestUITests" */ = {
			isa = XCConfigurationList;
			buildConfigurations = (
				518C83961E5382810042C6B7 /* Debug */,
				518C83971E5382810042C6B7 /* Release */,
			);
			defaultConfigurationIsVisible = 0;
		};
/* End XCConfigurationList section */
	};
	rootObject = 518C835A1E5382810042C6B7 /* Project object */;
}
